Microsoft Visual Studio Solution File, Format Version 12.00
# Visual Studio Version 17
VisualStudioVersion = 17.11.35327.3
MinimumVisualStudioVersion = 10.0.40219.1
Project("{8BC9CEB8-8B4A-11D0-8D11-00A0C91BC942}") = "TabuleiroVirtual", "TabuleiroVirtual\Project1.vcxproj", "{5F7B8616-7D8D-41E0-B7B9-910BFB1F589E}"
EndProject
Project("{8BC9CEB8-8B4A-11D0-8D11-00A0C91BC942}") = "Tests", "Tests\Tests.vcxproj", "{98CAE8F1-E1EC-415A-9265-4BF839AAFA7A}"
EndProject
Global
	GlobalSection(SolutionConfigurationPlatforms) = preSolution
		Debug|Win32 = Debug|Win32
		Debug|x64 = Debug|x64
		MinSizeRel|Win32 = MinSizeRel|Win32
		MinSizeRel|x64 = MinSizeRel|x64
		Release|Win32 = Release|Win32
		Release|x64 = Release|x64
		RelWithDebInfo|Win32 = RelWithDebInfo|Win32
		RelWithDebInfo|x64 = RelWithDebInfo|x64
	EndGlobalSection
	GlobalSection(ProjectConfigurationPlatforms) = postSolution
		{5F7B8616-7D8D-41E0-B7B9-910BFB1F589E}.Debug|Win32.ActiveCfg = Debug|Win32
		{5F7B8616-7D8D-41E0-B7B9-910BFB1F589E}.Debug|x64.ActiveCfg = Debug|x64
		{5F7B8616-7D8D-41E0-B7B9-910BFB1F589E}.Debug|x64.Build.0 = Debug|x64
		{5F7B8616-7D8D-41E0-B7B9-910BFB1F589E}.MinSizeRel|Win32.ActiveCfg = Release|Win32
		{5F7B8616-7D8D-41E0-B7B9-910BFB1F589E}.MinSizeRel|x64.ActiveCfg = Release|x64
		{5F7B8616-7D8D-41E0-B7B9-910BFB1F589E}.MinSizeRel|x64.Build.0 = Release|x64
		{5F7B8616-7D8D-41E0-B7B9-910BFB1F589E}.Release|Win32.ActiveCfg = Release|Win32
		{5F7B8616-7D8D-41E0-B7B9-910BFB1F589E}.Release|Win32.Build.0 = Release|Win32
		{5F7B8616-7D8D-41E0-B7B9-910BFB1F589E}.Release|x64.ActiveCfg = Release|x64
		{5F7B8616-7D8D-41E0-B7B9-910BFB1F589E}.Release|x64.Build.0 = Release|x64
		{5F7B8616-7D8D-41E0-B7B9-910BFB1F589E}.RelWithDebInfo|Win32.ActiveCfg = Release|Win32
		{5F7B8616-7D8D-41E0-B7B9-910BFB1F589E}.RelWithDebInfo|x64.ActiveCfg = Release|x64
		{5F7B8616-7D8D-41E0-B7B9-910BFB1F589E}.RelWithDebInfo|x64.Build.0 = Release|x64
		{98CAE8F1-E1EC-415A-9265-4BF839AAFA7A}.Debug|Win32.ActiveCfg = Debug|Win32
		{98CAE8F1-E1EC-415A-9265-4BF839AAFA7A}.Debug|Win32.Build.0 = Debug|Win32
		{98CAE8F1-E1EC-415A-9265-4BF839AAFA7A}.Debug|x64.ActiveCfg = Debug|x64
		{98CAE8F1-E1EC-415A-9265-4BF839AAFA7A}.Debug|x64.Build.0 = Debug|x64
		{98CAE8F1-E1EC-415A-9265-4BF839AAFA7A}.MinSizeRel|Win32.ActiveCfg = Debug|Win32
		{98CAE8F1-E1EC-415A-9265-4BF839AAFA7A}.MinSizeRel|Win32.Build.0 = Debug|Win32
		{98CAE8F1-E1EC-415A-9265-4BF839AAFA7A}.MinSizeRel|x64.ActiveCfg = Debug|x64
		{98CAE8F1-E1EC-415A-9265-4BF839AAFA7A}.MinSizeRel|x64.Build.0 = Debug|x64
		{98CAE8F1-E1EC-415A-9265-4BF839AAFA7A}.Release|Win32.ActiveCfg = Release|Win32
		{98CAE8F1-E1EC-415A-9265-4BF839AAFA7A}.Release|Win32.Build.0 = Release|Win32
		{98CAE8F1-E1EC-415A-9265-4BF839AAFA7A}.Release|x64.ActiveCfg = Release|x64
		{98CAE8F1-E1EC-415A-9265-4BF839AAFA7A}.Release|x64.Build.0 = Release|x64
		{98CAE8F1-E1EC-415A-9265-4BF839AAFA7A}.RelWithDebInfo|Win32.ActiveCfg = Release|Win32
		{98CAE8F1-E1EC-415A-9265-4BF839AAFA7A}.RelWithDebInfo|Win32.Build.0 = Release|Win32
		{98CAE8F1-E1EC-415A-9265-4BF839AAFA7A}.RelWithDebInfo|x64.ActiveCfg = Release|x64
		{98CAE8F1-E1EC-415A-9265-4BF839AAFA7A}.RelWithDebInfo|x64.Build.0 = Release|x64
	EndGlobalSection
	GlobalSection(SolutionProperties) = preSolution
		HideSolutionNode = FALSE
	EndGlobalSection
	GlobalSection(ExtensibilityGlobals) = postSolution
		SolutionGuid = {42A7EA71-6EAA-412D-97C5-74BC4E0F7057}
	EndGlobalSection
EndGlobal
