Microsoft Visual Studio Solution File, Format Version 12.00
# Visual Studio Version 17
VisualStudioVersion = 17.11.35327.3
MinimumVisualStudioVersion = 10.0.40219.1
Project("{8BC9CEB8-8B4A-11D0-8D11-00A0C91BC942}") = "TabuleiroVirtualLib", "TabuleiroVirtual\Project1.vcxproj", "{5F7B8616-7D8D-41E0-B7B9-910BFB1F589E}"
EndProject
Project("{8BC9CEB8-8B4A-11D0-8D11-00A0C91BC942}") = "AcoesTest", "Tests\Tests.vcxproj", "{98CAE8F1-E1EC-415A-9265-4BF839AAFA7A}"
EndProject
Project("{8BC9CEB8-8B4A-11D0-8D11-00A0C91BC942}") = "TabuleiroVirtualBin", "TabuleiroVirtualBin\TabuleiroVirtualBin.vcxproj", "{D2437818-46E6-42C0-B936-FF5ACC8FE336}"
EndProject
Project("{8BC9CEB8-8B4A-11D0-8D11-00A0C91BC942}") = "EntidadeTest", "EntidadeTest\EntidadeTest.vcxproj", "{F7B2F22C-B3C7-4208-A0CE-AA53AB74E7C1}"
EndProject
Project("{8BC9CEB8-8B4A-11D0-8D11-00A0C91BC942}") = "UtilTest", "UtilTest\UtilTest.vcxproj", "{67AAD2C7-474D-4301-B0A8-64F39F461D9E}"
EndProject
Global
	GlobalSection(SolutionConfigurationPlatforms) = preSolution
		Debug|Win32 = Debug|Win32
		Debug|x64 = Debug|x64
		MinSizeRel|Win32 = MinSizeRel|Win32
		MinSizeRel|x64 = MinSizeRel|x64
		Release|Win32 = Release|Win32
		Release|x64 = Release|x64
		RelWithDebInfo|Win32 = RelWithDebInfo|Win32
		RelWithDebInfo|x64 = RelWithDebInfo|x64
	EndGlobalSection
	GlobalSection(ProjectConfigurationPlatforms) = postSolution
		{5F7B8616-7D8D-41E0-B7B9-910BFB1F589E}.Debug|Win32.ActiveCfg = Debug|Win32
		{5F7B8616-7D8D-41E0-B7B9-910BFB1F589E}.Debug|x64.ActiveCfg = Debug|x64
		{5F7B8616-7D8D-41E0-B7B9-910BFB1F589E}.Debug|x64.Build.0 = Debug|x64
		{5F7B8616-7D8D-41E0-B7B9-910BFB1F589E}.MinSizeRel|Win32.ActiveCfg = Release|Win32
		{5F7B8616-7D8D-41E0-B7B9-910BFB1F589E}.MinSizeRel|x64.ActiveCfg = Release|x64
		{5F7B8616-7D8D-41E0-B7B9-910BFB1F589E}.MinSizeRel|x64.Build.0 = Release|x64
		{5F7B8616-7D8D-41E0-B7B9-910BFB1F589E}.Release|Win32.ActiveCfg = Release|Win32
		{5F7B8616-7D8D-41E0-B7B9-910BFB1F589E}.Release|Win32.Build.0 = Release|Win32
		{5F7B8616-7D8D-41E0-B7B9-910BFB1F589E}.Release|x64.ActiveCfg = Release|x64
		{5F7B8616-7D8D-41E0-B7B9-910BFB1F589E}.Release|x64.Build.0 = Release|x64
		{5F7B8616-7D8D-41E0-B7B9-910BFB1F589E}.RelWithDebInfo|Win32.ActiveCfg = Release|Win32
		{5F7B8616-7D8D-41E0-B7B9-910BFB1F589E}.RelWithDebInfo|x64.ActiveCfg = Release|x64
		{5F7B8616-7D8D-41E0-B7B9-910BFB1F589E}.RelWithDebInfo|x64.Build.0 = Release|x64
		{98CAE8F1-E1EC-415A-9265-4BF839AAFA7A}.Debug|Win32.ActiveCfg = Debug|Win32
		{98CAE8F1-E1EC-415A-9265-4BF839AAFA7A}.Debug|Win32.Build.0 = Debug|Win32
		{98CAE8F1-E1EC-415A-9265-4BF839AAFA7A}.Debug|x64.ActiveCfg = Debug|x64
		{98CAE8F1-E1EC-415A-9265-4BF839AAFA7A}.Debug|x64.Build.0 = Debug|x64
		{98CAE8F1-E1EC-415A-9265-4BF839AAFA7A}.MinSizeRel|Win32.ActiveCfg = Debug|Win32
		{98CAE8F1-E1EC-415A-9265-4BF839AAFA7A}.MinSizeRel|Win32.Build.0 = Debug|Win32
		{98CAE8F1-E1EC-415A-9265-4BF839AAFA7A}.MinSizeRel|x64.ActiveCfg = Debug|x64
		{98CAE8F1-E1EC-415A-9265-4BF839AAFA7A}.MinSizeRel|x64.Build.0 = Debug|x64
		{98CAE8F1-E1EC-415A-9265-4BF839AAFA7A}.Release|Win32.ActiveCfg = Release|Win32
		{98CAE8F1-E1EC-415A-9265-4BF839AAFA7A}.Release|Win32.Build.0 = Release|Win32
		{98CAE8F1-E1EC-415A-9265-4BF839AAFA7A}.Release|x64.ActiveCfg = Release|x64
		{98CAE8F1-E1EC-415A-9265-4BF839AAFA7A}.Release|x64.Build.0 = Release|x64
		{98CAE8F1-E1EC-415A-9265-4BF839AAFA7A}.RelWithDebInfo|Win32.ActiveCfg = Release|Win32
		{98CAE8F1-E1EC-415A-9265-4BF839AAFA7A}.RelWithDebInfo|Win32.Build.0 = Release|Win32
		{98CAE8F1-E1EC-415A-9265-4BF839AAFA7A}.RelWithDebInfo|x64.ActiveCfg = Release|x64
		{98CAE8F1-E1EC-415A-9265-4BF839AAFA7A}.RelWithDebInfo|x64.Build.0 = Release|x64
		{D2437818-46E6-42C0-B936-FF5ACC8FE336}.Debug|Win32.ActiveCfg = Debug|Win32
		{D2437818-46E6-42C0-B936-FF5ACC8FE336}.Debug|Win32.Build.0 = Debug|Win32
		{D2437818-46E6-42C0-B936-FF5ACC8FE336}.Debug|x64.ActiveCfg = Debug|x64
		{D2437818-46E6-42C0-B936-FF5ACC8FE336}.Debug|x64.Build.0 = Debug|x64
		{D2437818-46E6-42C0-B936-FF5ACC8FE336}.MinSizeRel|Win32.ActiveCfg = Debug|Win32
		{D2437818-46E6-42C0-B936-FF5ACC8FE336}.MinSizeRel|Win32.Build.0 = Debug|Win32
		{D2437818-46E6-42C0-B936-FF5ACC8FE336}.MinSizeRel|x64.ActiveCfg = Debug|x64
		{D2437818-46E6-42C0-B936-FF5ACC8FE336}.MinSizeRel|x64.Build.0 = Debug|x64
		{D2437818-46E6-42C0-B936-FF5ACC8FE336}.Release|Win32.ActiveCfg = Release|Win32
		{D2437818-46E6-42C0-B936-FF5ACC8FE336}.Release|Win32.Build.0 = Release|Win32
		{D2437818-46E6-42C0-B936-FF5ACC8FE336}.Release|x64.ActiveCfg = Release|x64
		{D2437818-46E6-42C0-B936-FF5ACC8FE336}.Release|x64.Build.0 = Release|x64
		{D2437818-46E6-42C0-B936-FF5ACC8FE336}.RelWithDebInfo|Win32.ActiveCfg = Release|Win32
		{D2437818-46E6-42C0-B936-FF5ACC8FE336}.RelWithDebInfo|Win32.Build.0 = Release|Win32
		{D2437818-46E6-42C0-B936-FF5ACC8FE336}.RelWithDebInfo|x64.ActiveCfg = Release|x64
		{D2437818-46E6-42C0-B936-FF5ACC8FE336}.RelWithDebInfo|x64.Build.0 = Release|x64
		{F7B2F22C-B3C7-4208-A0CE-AA53AB74E7C1}.Debug|Win32.ActiveCfg = Debug|Win32
		{F7B2F22C-B3C7-4208-A0CE-AA53AB74E7C1}.Debug|Win32.Build.0 = Debug|Win32
		{F7B2F22C-B3C7-4208-A0CE-AA53AB74E7C1}.Debug|x64.ActiveCfg = Debug|x64
		{F7B2F22C-B3C7-4208-A0CE-AA53AB74E7C1}.Debug|x64.Build.0 = Debug|x64
		{F7B2F22C-B3C7-4208-A0CE-AA53AB74E7C1}.MinSizeRel|Win32.ActiveCfg = Debug|Win32
		{F7B2F22C-B3C7-4208-A0CE-AA53AB74E7C1}.MinSizeRel|Win32.Build.0 = Debug|Win32
		{F7B2F22C-B3C7-4208-A0CE-AA53AB74E7C1}.MinSizeRel|x64.ActiveCfg = Debug|x64
		{F7B2F22C-B3C7-4208-A0CE-AA53AB74E7C1}.MinSizeRel|x64.Build.0 = Debug|x64
		{F7B2F22C-B3C7-4208-A0CE-AA53AB74E7C1}.Release|Win32.ActiveCfg = Release|Win32
		{F7B2F22C-B3C7-4208-A0CE-AA53AB74E7C1}.Release|Win32.Build.0 = Release|Win32
		{F7B2F22C-B3C7-4208-A0CE-AA53AB74E7C1}.Release|x64.ActiveCfg = Release|x64
		{F7B2F22C-B3C7-4208-A0CE-AA53AB74E7C1}.Release|x64.Build.0 = Release|x64
		{F7B2F22C-B3C7-4208-A0CE-AA53AB74E7C1}.RelWithDebInfo|Win32.ActiveCfg = Release|Win32
		{F7B2F22C-B3C7-4208-A0CE-AA53AB74E7C1}.RelWithDebInfo|Win32.Build.0 = Release|Win32
		{F7B2F22C-B3C7-4208-A0CE-AA53AB74E7C1}.RelWithDebInfo|x64.ActiveCfg = Release|x64
		{F7B2F22C-B3C7-4208-A0CE-AA53AB74E7C1}.RelWithDebInfo|x64.Build.0 = Release|x64
		{67AAD2C7-474D-4301-B0A8-64F39F461D9E}.Debug|Win32.ActiveCfg = Debug|Win32
		{67AAD2C7-474D-4301-B0A8-64F39F461D9E}.Debug|Win32.Build.0 = Debug|Win32
		{67AAD2C7-474D-4301-B0A8-64F39F461D9E}.Debug|x64.ActiveCfg = Debug|x64
		{67AAD2C7-474D-4301-B0A8-64F39F461D9E}.Debug|x64.Build.0 = Debug|x64
		{67AAD2C7-474D-4301-B0A8-64F39F461D9E}.MinSizeRel|Win32.ActiveCfg = Debug|Win32
		{67AAD2C7-474D-4301-B0A8-64F39F461D9E}.MinSizeRel|Win32.Build.0 = Debug|Win32
		{67AAD2C7-474D-4301-B0A8-64F39F461D9E}.MinSizeRel|x64.ActiveCfg = Debug|x64
		{67AAD2C7-474D-4301-B0A8-64F39F461D9E}.MinSizeRel|x64.Build.0 = Debug|x64
		{67AAD2C7-474D-4301-B0A8-64F39F461D9E}.Release|Win32.ActiveCfg = Release|Win32
		{67AAD2C7-474D-4301-B0A8-64F39F461D9E}.Release|Win32.Build.0 = Release|Win32
		{67AAD2C7-474D-4301-B0A8-64F39F461D9E}.Release|x64.ActiveCfg = Release|x64
		{67AAD2C7-474D-4301-B0A8-64F39F461D9E}.Release|x64.Build.0 = Release|x64
		{67AAD2C7-474D-4301-B0A8-64F39F461D9E}.RelWithDebInfo|Win32.ActiveCfg = Release|Win32
		{67AAD2C7-474D-4301-B0A8-64F39F461D9E}.RelWithDebInfo|Win32.Build.0 = Release|Win32
		{67AAD2C7-474D-4301-B0A8-64F39F461D9E}.RelWithDebInfo|x64.ActiveCfg = Release|x64
		{67AAD2C7-474D-4301-B0A8-64F39F461D9E}.RelWithDebInfo|x64.Build.0 = Release|x64
	EndGlobalSection
	GlobalSection(SolutionProperties) = preSolution
		HideSolutionNode = FALSE
	EndGlobalSection
	GlobalSection(ExtensibilityGlobals) = postSolution
		SolutionGuid = {42A7EA71-6EAA-412D-97C5-74BC4E0F7057}
	EndGlobalSection
EndGlobal
