
Microsoft Visual Studio Solution File, Format Version 12.00
# Visual Studio 14
VisualStudioVersion = 14.0.25420.1
MinimumVisualStudioVersion = 10.0.40219.1
Project("{8BC9CEB8-8B4A-11D0-8D11-00A0C91BC942}") = "Boost", "Boost\Boost.vcxproj", "{AD26517C-9128-442F-99AC-A84FB2E212A3}"
EndProject
Project("{8BC9CEB8-8B4A-11D0-8D11-00A0C91BC942}") = "TabuleiroVirtual", "TabuleiroVirtual\Project1.vcxproj", "{5F7B8616-7D8D-41E0-B7B9-910BFB1F589E}"
	ProjectSection(ProjectDependencies) = postProject
		{772C2111-BBBF-49E6-B912-198A7F7A88E5} = {772C2111-BBBF-49E6-B912-198A7F7A88E5}
		{3E283F37-A4ED-41B7-A3E6-A2D89D131A30} = {3E283F37-A4ED-41B7-A3E6-A2D89D131A30}
		{AD26517C-9128-442F-99AC-A84FB2E212A3} = {AD26517C-9128-442F-99AC-A84FB2E212A3}
		{B23697E8-A5FB-3A90-B037-BC62F4A2DDE3} = {B23697E8-A5FB-3A90-B037-BC62F4A2DDE3}
	EndProjectSection
EndProject
Project("{8BC9CEB8-8B4A-11D0-8D11-00A0C91BC942}") = "libprotobuf", "protobuf\protobuf-2.6.1\vsprojects\libprotobuf.vcxproj", "{3E283F37-A4ED-41B7-A3E6-A2D89D131A30}"
EndProject
Project("{8BC9CEB8-8B4A-11D0-8D11-00A0C91BC942}") = "libglog_static", "glog\vsprojects\libglog_static\libglog_static.vcxproj", "{772C2111-BBBF-49E6-B912-198A7F7A88E5}"
EndProject
Project("{8BC9CEB8-8B4A-11D0-8D11-00A0C91BC942}") = "gflags_static", "gflags\gflags_static.vcxproj", "{B23697E8-A5FB-3A90-B037-BC62F4A2DDE3}"
EndProject
Global
	GlobalSection(SolutionConfigurationPlatforms) = preSolution
		Debug|x64 = Debug|x64
		Debug|x86 = Debug|x86
		MinSizeRel|x64 = MinSizeRel|x64
		MinSizeRel|x86 = MinSizeRel|x86
		Release|x64 = Release|x64
		Release|x86 = Release|x86
		RelWithDebInfo|x64 = RelWithDebInfo|x64
		RelWithDebInfo|x86 = RelWithDebInfo|x86
	EndGlobalSection
	GlobalSection(ProjectConfigurationPlatforms) = postSolution
		{AD26517C-9128-442F-99AC-A84FB2E212A3}.Debug|x64.ActiveCfg = Debug|x64
		{AD26517C-9128-442F-99AC-A84FB2E212A3}.Debug|x64.Build.0 = Debug|x64
		{AD26517C-9128-442F-99AC-A84FB2E212A3}.Debug|x86.ActiveCfg = Debug|Win32
		{AD26517C-9128-442F-99AC-A84FB2E212A3}.Debug|x86.Build.0 = Debug|Win32
		{AD26517C-9128-442F-99AC-A84FB2E212A3}.MinSizeRel|x64.ActiveCfg = Release|x64
		{AD26517C-9128-442F-99AC-A84FB2E212A3}.MinSizeRel|x64.Build.0 = Release|x64
		{AD26517C-9128-442F-99AC-A84FB2E212A3}.MinSizeRel|x86.ActiveCfg = Release|Win32
		{AD26517C-9128-442F-99AC-A84FB2E212A3}.MinSizeRel|x86.Build.0 = Release|Win32
		{AD26517C-9128-442F-99AC-A84FB2E212A3}.Release|x64.ActiveCfg = Release|x64
		{AD26517C-9128-442F-99AC-A84FB2E212A3}.Release|x64.Build.0 = Release|x64
		{AD26517C-9128-442F-99AC-A84FB2E212A3}.Release|x86.ActiveCfg = Release|Win32
		{AD26517C-9128-442F-99AC-A84FB2E212A3}.Release|x86.Build.0 = Release|Win32
		{AD26517C-9128-442F-99AC-A84FB2E212A3}.RelWithDebInfo|x64.ActiveCfg = Release|x64
		{AD26517C-9128-442F-99AC-A84FB2E212A3}.RelWithDebInfo|x64.Build.0 = Release|x64
		{AD26517C-9128-442F-99AC-A84FB2E212A3}.RelWithDebInfo|x86.ActiveCfg = Release|Win32
		{AD26517C-9128-442F-99AC-A84FB2E212A3}.RelWithDebInfo|x86.Build.0 = Release|Win32
		{5F7B8616-7D8D-41E0-B7B9-910BFB1F589E}.Debug|x64.ActiveCfg = Debug|x64
		{5F7B8616-7D8D-41E0-B7B9-910BFB1F589E}.Debug|x64.Build.0 = Debug|x64
		{5F7B8616-7D8D-41E0-B7B9-910BFB1F589E}.Debug|x86.ActiveCfg = Debug|Win32
		{5F7B8616-7D8D-41E0-B7B9-910BFB1F589E}.Debug|x86.Build.0 = Debug|Win32
		{5F7B8616-7D8D-41E0-B7B9-910BFB1F589E}.MinSizeRel|x64.ActiveCfg = Release|x64
		{5F7B8616-7D8D-41E0-B7B9-910BFB1F589E}.MinSizeRel|x64.Build.0 = Release|x64
		{5F7B8616-7D8D-41E0-B7B9-910BFB1F589E}.MinSizeRel|x86.ActiveCfg = Release|Win32
		{5F7B8616-7D8D-41E0-B7B9-910BFB1F589E}.MinSizeRel|x86.Build.0 = Release|Win32
		{5F7B8616-7D8D-41E0-B7B9-910BFB1F589E}.Release|x64.ActiveCfg = Release|x64
		{5F7B8616-7D8D-41E0-B7B9-910BFB1F589E}.Release|x64.Build.0 = Release|x64
		{5F7B8616-7D8D-41E0-B7B9-910BFB1F589E}.Release|x86.ActiveCfg = Release|Win32
		{5F7B8616-7D8D-41E0-B7B9-910BFB1F589E}.Release|x86.Build.0 = Release|Win32
		{5F7B8616-7D8D-41E0-B7B9-910BFB1F589E}.RelWithDebInfo|x64.ActiveCfg = Release|x64
		{5F7B8616-7D8D-41E0-B7B9-910BFB1F589E}.RelWithDebInfo|x64.Build.0 = Release|x64
		{5F7B8616-7D8D-41E0-B7B9-910BFB1F589E}.RelWithDebInfo|x86.ActiveCfg = Release|Win32
		{5F7B8616-7D8D-41E0-B7B9-910BFB1F589E}.RelWithDebInfo|x86.Build.0 = Release|Win32
		{3E283F37-A4ED-41B7-A3E6-A2D89D131A30}.Debug|x64.ActiveCfg = Debug|Win32
		{3E283F37-A4ED-41B7-A3E6-A2D89D131A30}.Debug|x86.ActiveCfg = Debug|Win32
		{3E283F37-A4ED-41B7-A3E6-A2D89D131A30}.Debug|x86.Build.0 = Debug|Win32
		{3E283F37-A4ED-41B7-A3E6-A2D89D131A30}.MinSizeRel|x64.ActiveCfg = Debug|x64
		{3E283F37-A4ED-41B7-A3E6-A2D89D131A30}.MinSizeRel|x64.Build.0 = Debug|x64
		{3E283F37-A4ED-41B7-A3E6-A2D89D131A30}.MinSizeRel|x86.ActiveCfg = Release|Win32
		{3E283F37-A4ED-41B7-A3E6-A2D89D131A30}.MinSizeRel|x86.Build.0 = Release|Win32
		{3E283F37-A4ED-41B7-A3E6-A2D89D131A30}.Release|x64.ActiveCfg = Release|x64
		{3E283F37-A4ED-41B7-A3E6-A2D89D131A30}.Release|x86.ActiveCfg = Release|Win32
		{3E283F37-A4ED-41B7-A3E6-A2D89D131A30}.Release|x86.Build.0 = Release|Win32
		{3E283F37-A4ED-41B7-A3E6-A2D89D131A30}.RelWithDebInfo|x64.ActiveCfg = Release|x64
		{3E283F37-A4ED-41B7-A3E6-A2D89D131A30}.RelWithDebInfo|x64.Build.0 = Release|x64
		{3E283F37-A4ED-41B7-A3E6-A2D89D131A30}.RelWithDebInfo|x86.ActiveCfg = Release|Win32
		{3E283F37-A4ED-41B7-A3E6-A2D89D131A30}.RelWithDebInfo|x86.Build.0 = Release|Win32
		{772C2111-BBBF-49E6-B912-198A7F7A88E5}.Debug|x64.ActiveCfg = Debug|Win32
		{772C2111-BBBF-49E6-B912-198A7F7A88E5}.Debug|x86.ActiveCfg = Debug|Win32
		{772C2111-BBBF-49E6-B912-198A7F7A88E5}.Debug|x86.Build.0 = Debug|Win32
		{772C2111-BBBF-49E6-B912-198A7F7A88E5}.MinSizeRel|x64.ActiveCfg = Release|Win32
		{772C2111-BBBF-49E6-B912-198A7F7A88E5}.MinSizeRel|x64.Build.0 = Release|Win32
		{772C2111-BBBF-49E6-B912-198A7F7A88E5}.MinSizeRel|x86.ActiveCfg = Release|Win32
		{772C2111-BBBF-49E6-B912-198A7F7A88E5}.MinSizeRel|x86.Build.0 = Release|Win32
		{772C2111-BBBF-49E6-B912-198A7F7A88E5}.Release|x64.ActiveCfg = Release|x64
		{772C2111-BBBF-49E6-B912-198A7F7A88E5}.Release|x86.ActiveCfg = Release|Win32
		{772C2111-BBBF-49E6-B912-198A7F7A88E5}.Release|x86.Build.0 = Release|Win32
		{772C2111-BBBF-49E6-B912-198A7F7A88E5}.RelWithDebInfo|x64.ActiveCfg = Release|Win32
		{772C2111-BBBF-49E6-B912-198A7F7A88E5}.RelWithDebInfo|x64.Build.0 = Release|Win32
		{772C2111-BBBF-49E6-B912-198A7F7A88E5}.RelWithDebInfo|x86.ActiveCfg = Release|Win32
		{772C2111-BBBF-49E6-B912-198A7F7A88E5}.RelWithDebInfo|x86.Build.0 = Release|Win32
		{B23697E8-A5FB-3A90-B037-BC62F4A2DDE3}.Debug|x64.ActiveCfg = Debug|Win32
		{B23697E8-A5FB-3A90-B037-BC62F4A2DDE3}.Debug|x86.ActiveCfg = Debug|Win32
		{B23697E8-A5FB-3A90-B037-BC62F4A2DDE3}.Debug|x86.Build.0 = Debug|Win32
		{B23697E8-A5FB-3A90-B037-BC62F4A2DDE3}.MinSizeRel|x64.ActiveCfg = MinSizeRel|Win32
		{B23697E8-A5FB-3A90-B037-BC62F4A2DDE3}.MinSizeRel|x86.ActiveCfg = MinSizeRel|Win32
		{B23697E8-A5FB-3A90-B037-BC62F4A2DDE3}.MinSizeRel|x86.Build.0 = MinSizeRel|Win32
		{B23697E8-A5FB-3A90-B037-BC62F4A2DDE3}.Release|x64.ActiveCfg = Release|x64
		{B23697E8-A5FB-3A90-B037-BC62F4A2DDE3}.Release|x86.ActiveCfg = Release|Win32
		{B23697E8-A5FB-3A90-B037-BC62F4A2DDE3}.Release|x86.Build.0 = Release|Win32
		{B23697E8-A5FB-3A90-B037-BC62F4A2DDE3}.RelWithDebInfo|x64.ActiveCfg = RelWithDebInfo|Win32
		{B23697E8-A5FB-3A90-B037-BC62F4A2DDE3}.RelWithDebInfo|x86.ActiveCfg = RelWithDebInfo|Win32
		{B23697E8-A5FB-3A90-B037-BC62F4A2DDE3}.RelWithDebInfo|x86.Build.0 = RelWithDebInfo|Win32
	EndGlobalSection
	GlobalSection(SolutionProperties) = preSolution
		HideSolutionNode = FALSE
	EndGlobalSection
EndGlobal
